
Microsoft Visual Studio Solution File, Format Version 12.00
# Visual Studio Version 17
VisualStudioVersion = 17.0.32126.317
MinimumVisualStudioVersion = 10.0.40219.1
Project("{FAE04EC0-301F-11D3-BF4B-00C04F79EFBC}") = "txt_okuma_00", "txt_okuma_00\txt_okuma_00.csproj", "{0324B74C-A7F6-42EB-BB06-6EEEE1628387}"
EndProject
Global
	GlobalSection(SolutionConfigurationPlatforms) = preSolution
		Debug|Any CPU = Debug|Any CPU
		Release|Any CPU = Release|Any CPU
	EndGlobalSection
	GlobalSection(ProjectConfigurationPlatforms) = postSolution
		{0324B74C-A7F6-42EB-BB06-6EEEE1628387}.Debug|Any CPU.ActiveCfg = Debug|Any CPU
		{0324B74C-A7F6-42EB-BB06-6EEEE1628387}.Debug|Any CPU.Build.0 = Debug|Any CPU
		{0324B74C-A7F6-42EB-BB06-6EEEE1628387}.Release|Any CPU.ActiveCfg = Release|Any CPU
		{0324B74C-A7F6-42EB-BB06-6EEEE1628387}.Release|Any CPU.Build.0 = Release|Any CPU
	EndGlobalSection
	GlobalSection(SolutionProperties) = preSolution
		HideSolutionNode = FALSE
	EndGlobalSection
	GlobalSection(ExtensibilityGlobals) = postSolution
		SolutionGuid = {DFFB6AC8-1275-4AFC-A52E-9E3A79A26267}
	EndGlobalSection
EndGlobal
